
Microsoft Visual Studio Solution File, Format Version 12.00
# Visual Studio Version 17
VisualStudioVersion = 17.5.33424.131
MinimumVisualStudioVersion = 10.0.40219.1
Project("{FAE04EC0-301F-11D3-BF4B-00C04F79EFBC}") = "FilmSite", "FilmSite.csproj", "{A1ECF162-66EC-4B68-A2CA-DA6D650C2F9A}"
EndProject
Global
	GlobalSection(SolutionConfigurationPlatforms) = preSolution
		Debug|Any CPU = Debug|Any CPU
		Release|Any CPU = Release|Any CPU
	EndGlobalSection
	GlobalSection(ProjectConfigurationPlatforms) = postSolution
		{A1ECF162-66EC-4B68-A2CA-DA6D650C2F9A}.Debug|Any CPU.ActiveCfg = Debug|Any CPU
		{A1ECF162-66EC-4B68-A2CA-DA6D650C2F9A}.Debug|Any CPU.Build.0 = Debug|Any CPU
		{A1ECF162-66EC-4B68-A2CA-DA6D650C2F9A}.Release|Any CPU.ActiveCfg = Release|Any CPU
		{A1ECF162-66EC-4B68-A2CA-DA6D650C2F9A}.Release|Any CPU.Build.0 = Release|Any CPU
	EndGlobalSection
	GlobalSection(SolutionProperties) = preSolution
		HideSolutionNode = FALSE
	EndGlobalSection
	GlobalSection(ExtensibilityGlobals) = postSolution
		SolutionGuid = {C9ADE8F9-0581-4901-94F8-261A59FC6514}
	EndGlobalSection
EndGlobal
